
Microsoft Visual Studio Solution File, Format Version 12.00
# Visual Studio Version 17
VisualStudioVersion = 17.8.34511.84
MinimumVisualStudioVersion = 10.0.40219.1
Project("{FAE04EC0-301F-11D3-BF4B-00C04F79EFBC}") = "EnterpriseMarketplace", "EnterpriseMarketplace.csproj", "{D2A4FACC-B893-4284-8EB4-45322EE0FBF3}"
EndProject
Global
	GlobalSection(SolutionConfigurationPlatforms) = preSolution
		Debug|Any CPU = Debug|Any CPU
		Release|Any CPU = Release|Any CPU
	EndGlobalSection
	GlobalSection(ProjectConfigurationPlatforms) = postSolution
		{D2A4FACC-B893-4284-8EB4-45322EE0FBF3}.Debug|Any CPU.ActiveCfg = Debug|Any CPU
		{D2A4FACC-B893-4284-8EB4-45322EE0FBF3}.Debug|Any CPU.Build.0 = Debug|Any CPU
		{D2A4FACC-B893-4284-8EB4-45322EE0FBF3}.Debug|Any CPU.Deploy.0 = Debug|Any CPU
		{D2A4FACC-B893-4284-8EB4-45322EE0FBF3}.Release|Any CPU.ActiveCfg = Release|Any CPU
		{D2A4FACC-B893-4284-8EB4-45322EE0FBF3}.Release|Any CPU.Build.0 = Release|Any CPU
		{D2A4FACC-B893-4284-8EB4-45322EE0FBF3}.Release|Any CPU.Deploy.0 = Release|Any CPU
	EndGlobalSection
	GlobalSection(SolutionProperties) = preSolution
		HideSolutionNode = FALSE
	EndGlobalSection
	GlobalSection(ExtensibilityGlobals) = postSolution
		SolutionGuid = {96F4698D-5C9D-4178-91D4-45911B08D2CE}
	EndGlobalSection
EndGlobal
